
Microsoft Visual Studio Solution File, Format Version 12.00
# Visual Studio 15
VisualStudioVersion = 15.0.28307.489
MinimumVisualStudioVersion = 10.0.40219.1
Project("{FAE04EC0-301F-11D3-BF4B-00C04F79EFBC}") = "pojiloy", "pojiloy\pojiloy.csproj", "{AB98CD62-205C-4832-B6AA-2DEB44EE027F}"
EndProject
Global
	GlobalSection(SolutionConfigurationPlatforms) = preSolution
		Debug|Any CPU = Debug|Any CPU
		Release|Any CPU = Release|Any CPU
	EndGlobalSection
	GlobalSection(ProjectConfigurationPlatforms) = postSolution
		{AB98CD62-205C-4832-B6AA-2DEB44EE027F}.Debug|Any CPU.ActiveCfg = Debug|Any CPU
		{AB98CD62-205C-4832-B6AA-2DEB44EE027F}.Debug|Any CPU.Build.0 = Debug|Any CPU
		{AB98CD62-205C-4832-B6AA-2DEB44EE027F}.Release|Any CPU.ActiveCfg = Release|Any CPU
		{AB98CD62-205C-4832-B6AA-2DEB44EE027F}.Release|Any CPU.Build.0 = Release|Any CPU
	EndGlobalSection
	GlobalSection(SolutionProperties) = preSolution
		HideSolutionNode = FALSE
	EndGlobalSection
	GlobalSection(ExtensibilityGlobals) = postSolution
		SolutionGuid = {41A0B5E1-1533-4A39-8BF5-7ABBC900D01E}
	EndGlobalSection
EndGlobal
